
Microsoft Visual Studio Solution File, Format Version 12.00
# Visual Studio Version 17
VisualStudioVersion = 17.13.35806.99
MinimumVisualStudioVersion = 10.0.40219.1
Project("{FAE04EC0-301F-11D3-BF4B-00C04F79EFBC}") = "BuildingSurveillanceSystemApplication", "BuildingSurveillanceSystemApplication\BuildingSurveillanceSystemApplication.csproj", "{34FFF1B1-FC58-4D4F-A704-96C1A1752D59}"
EndProject
Project("{FAE04EC0-301F-11D3-BF4B-00C04F79EFBC}") = "Surveillance.Application", "Surveillance.Application\Surveillance.Application.csproj", "{1F3B2F24-99B2-47FB-B85D-2B354A94E202}"
EndProject
Project("{FAE04EC0-301F-11D3-BF4B-00C04F79EFBC}") = "Surveillance.Domain", "Surveillance.Domain\Surveillance.Domain.csproj", "{F0579219-0C2F-4475-828E-C5D0815E43A0}"
EndProject
Project("{FAE04EC0-301F-11D3-BF4B-00C04F79EFBC}") = "Surveillance.Infrastructure", "Surveillance.Infrastructure\Surveillance.Infrastructure.csproj", "{689B87ED-A787-4E88-BA84-20B22EC9EBC9}"
EndProject
Project("{FAE04EC0-301F-11D3-BF4B-00C04F79EFBC}") = "Surveillance.Contracts", "Surveillance.Contracts\Surveillance.Contracts.csproj", "{A6B6AA9E-E8FC-4C64-BA29-085E95108936}"
EndProject
Global
	GlobalSection(SolutionConfigurationPlatforms) = preSolution
		Debug|Any CPU = Debug|Any CPU
		Release|Any CPU = Release|Any CPU
	EndGlobalSection
	GlobalSection(ProjectConfigurationPlatforms) = postSolution
		{34FFF1B1-FC58-4D4F-A704-96C1A1752D59}.Debug|Any CPU.ActiveCfg = Debug|Any CPU
		{34FFF1B1-FC58-4D4F-A704-96C1A1752D59}.Debug|Any CPU.Build.0 = Debug|Any CPU
		{34FFF1B1-FC58-4D4F-A704-96C1A1752D59}.Release|Any CPU.ActiveCfg = Release|Any CPU
		{34FFF1B1-FC58-4D4F-A704-96C1A1752D59}.Release|Any CPU.Build.0 = Release|Any CPU
		{1F3B2F24-99B2-47FB-B85D-2B354A94E202}.Debug|Any CPU.ActiveCfg = Debug|Any CPU
		{1F3B2F24-99B2-47FB-B85D-2B354A94E202}.Debug|Any CPU.Build.0 = Debug|Any CPU
		{1F3B2F24-99B2-47FB-B85D-2B354A94E202}.Release|Any CPU.ActiveCfg = Release|Any CPU
		{1F3B2F24-99B2-47FB-B85D-2B354A94E202}.Release|Any CPU.Build.0 = Release|Any CPU
		{F0579219-0C2F-4475-828E-C5D0815E43A0}.Debug|Any CPU.ActiveCfg = Debug|Any CPU
		{F0579219-0C2F-4475-828E-C5D0815E43A0}.Debug|Any CPU.Build.0 = Debug|Any CPU
		{F0579219-0C2F-4475-828E-C5D0815E43A0}.Release|Any CPU.ActiveCfg = Release|Any CPU
		{F0579219-0C2F-4475-828E-C5D0815E43A0}.Release|Any CPU.Build.0 = Release|Any CPU
		{689B87ED-A787-4E88-BA84-20B22EC9EBC9}.Debug|Any CPU.ActiveCfg = Debug|Any CPU
		{689B87ED-A787-4E88-BA84-20B22EC9EBC9}.Debug|Any CPU.Build.0 = Debug|Any CPU
		{689B87ED-A787-4E88-BA84-20B22EC9EBC9}.Release|Any CPU.ActiveCfg = Release|Any CPU
		{689B87ED-A787-4E88-BA84-20B22EC9EBC9}.Release|Any CPU.Build.0 = Release|Any CPU
		{A6B6AA9E-E8FC-4C64-BA29-085E95108936}.Debug|Any CPU.ActiveCfg = Debug|Any CPU
		{A6B6AA9E-E8FC-4C64-BA29-085E95108936}.Debug|Any CPU.Build.0 = Debug|Any CPU
		{A6B6AA9E-E8FC-4C64-BA29-085E95108936}.Release|Any CPU.ActiveCfg = Release|Any CPU
		{A6B6AA9E-E8FC-4C64-BA29-085E95108936}.Release|Any CPU.Build.0 = Release|Any CPU
	EndGlobalSection
	GlobalSection(SolutionProperties) = preSolution
		HideSolutionNode = FALSE
	EndGlobalSection
	GlobalSection(ExtensibilityGlobals) = postSolution
		SolutionGuid = {CA15093D-5D0F-40A2-891E-A083CC528BBC}
	EndGlobalSection
EndGlobal
