
Microsoft Visual Studio Solution File, Format Version 12.00
# Visual Studio Version 17
VisualStudioVersion = 17.13.35806.99 d17.13
MinimumVisualStudioVersion = 10.0.40219.1
Project("{FAE04EC0-301F-11D3-BF4B-00C04F79EFBC}") = "DelegateBasicExample", "DelegateBasicExample\DelegateBasicExample.csproj", "{9D1F8C37-2993-4F11-B9DF-ED2DDD507F51}"
EndProject
Global
	GlobalSection(SolutionConfigurationPlatforms) = preSolution
		Debug|Any CPU = Debug|Any CPU
		Release|Any CPU = Release|Any CPU
	EndGlobalSection
	GlobalSection(ProjectConfigurationPlatforms) = postSolution
		{9D1F8C37-2993-4F11-B9DF-ED2DDD507F51}.Debug|Any CPU.ActiveCfg = Debug|Any CPU
		{9D1F8C37-2993-4F11-B9DF-ED2DDD507F51}.Debug|Any CPU.Build.0 = Debug|Any CPU
		{9D1F8C37-2993-4F11-B9DF-ED2DDD507F51}.Release|Any CPU.ActiveCfg = Release|Any CPU
		{9D1F8C37-2993-4F11-B9DF-ED2DDD507F51}.Release|Any CPU.Build.0 = Release|Any CPU
	EndGlobalSection
	GlobalSection(SolutionProperties) = preSolution
		HideSolutionNode = FALSE
	EndGlobalSection
	GlobalSection(ExtensibilityGlobals) = postSolution
		SolutionGuid = {B22BA13A-03F8-4EA2-8D55-BBBA8AD46CBB}
	EndGlobalSection
EndGlobal
