
Microsoft Visual Studio Solution File, Format Version 12.00
# Visual Studio Version 17
VisualStudioVersion = 17.13.35806.99 d17.13
MinimumVisualStudioVersion = 10.0.40219.1
Project("{FAE04EC0-301F-11D3-BF4B-00C04F79EFBC}") = "ThermostaEventsApp", "ThermostaEventsApp\ThermostaEventsApp.csproj", "{2261A2FA-E8A1-43FF-8156-32E5FA22A316}"
EndProject
Global
	GlobalSection(SolutionConfigurationPlatforms) = preSolution
		Debug|Any CPU = Debug|Any CPU
		Release|Any CPU = Release|Any CPU
	EndGlobalSection
	GlobalSection(ProjectConfigurationPlatforms) = postSolution
		{2261A2FA-E8A1-43FF-8156-32E5FA22A316}.Debug|Any CPU.ActiveCfg = Debug|Any CPU
		{2261A2FA-E8A1-43FF-8156-32E5FA22A316}.Debug|Any CPU.Build.0 = Debug|Any CPU
		{2261A2FA-E8A1-43FF-8156-32E5FA22A316}.Release|Any CPU.ActiveCfg = Release|Any CPU
		{2261A2FA-E8A1-43FF-8156-32E5FA22A316}.Release|Any CPU.Build.0 = Release|Any CPU
	EndGlobalSection
	GlobalSection(SolutionProperties) = preSolution
		HideSolutionNode = FALSE
	EndGlobalSection
	GlobalSection(ExtensibilityGlobals) = postSolution
		SolutionGuid = {1A052E9D-5FF9-4CAC-B3EB-0EBDD1CAC072}
	EndGlobalSection
EndGlobal
